
Microsoft Visual Studio Solution File, Format Version 12.00
# Visual Studio Version 17
VisualStudioVersion = 17.6.33829.357
MinimumVisualStudioVersion = 10.0.40219.1
Project("{FAE04EC0-301F-11D3-BF4B-00C04F79EFBC}") = "AvgFloat", "AvgFloat.csproj", "{3082974D-6871-406F-8DE1-90695CFA56C5}"
EndProject
Global
	GlobalSection(SolutionConfigurationPlatforms) = preSolution
		Debug|Any CPU = Debug|Any CPU
		Release|Any CPU = Release|Any CPU
	EndGlobalSection
	GlobalSection(ProjectConfigurationPlatforms) = postSolution
		{3082974D-6871-406F-8DE1-90695CFA56C5}.Debug|Any CPU.ActiveCfg = Debug|Any CPU
		{3082974D-6871-406F-8DE1-90695CFA56C5}.Debug|Any CPU.Build.0 = Debug|Any CPU
		{3082974D-6871-406F-8DE1-90695CFA56C5}.Release|Any CPU.ActiveCfg = Release|Any CPU
		{3082974D-6871-406F-8DE1-90695CFA56C5}.Release|Any CPU.Build.0 = Release|Any CPU
	EndGlobalSection
	GlobalSection(SolutionProperties) = preSolution
		HideSolutionNode = FALSE
	EndGlobalSection
	GlobalSection(ExtensibilityGlobals) = postSolution
		SolutionGuid = {C4409BB6-3842-45F4-9696-47EDAF013A12}
	EndGlobalSection
EndGlobal
